
Microsoft Visual Studio Solution File, Format Version 12.00
# Visual Studio Version 17
VisualStudioVersion = 17.13.35931.197 d17.13
MinimumVisualStudioVersion = 10.0.40219.1
Project("{FAE04EC0-301F-11D3-BF4B-00C04F79EFBC}") = "SahilPlanProje.WebApi", "SahilPlanProje.WebApi\SahilPlanProje.WebApi.csproj", "{1B2B8F16-00E9-487B-8A8A-791218CEFF1C}"
EndProject
Global
	GlobalSection(SolutionConfigurationPlatforms) = preSolution
		Debug|Any CPU = Debug|Any CPU
		Release|Any CPU = Release|Any CPU
	EndGlobalSection
	GlobalSection(ProjectConfigurationPlatforms) = postSolution
		{1B2B8F16-00E9-487B-8A8A-791218CEFF1C}.Debug|Any CPU.ActiveCfg = Debug|Any CPU
		{1B2B8F16-00E9-487B-8A8A-791218CEFF1C}.Debug|Any CPU.Build.0 = Debug|Any CPU
		{1B2B8F16-00E9-487B-8A8A-791218CEFF1C}.Release|Any CPU.ActiveCfg = Release|Any CPU
		{1B2B8F16-00E9-487B-8A8A-791218CEFF1C}.Release|Any CPU.Build.0 = Release|Any CPU
	EndGlobalSection
	GlobalSection(SolutionProperties) = preSolution
		HideSolutionNode = FALSE
	EndGlobalSection
	GlobalSection(ExtensibilityGlobals) = postSolution
		SolutionGuid = {E18365BF-1444-43E8-8A76-3F14651BE428}
	EndGlobalSection
EndGlobal
